
Microsoft Visual Studio Solution File, Format Version 12.00
# Visual Studio Version 16
VisualStudioVersion = 25.0.1706.0
MinimumVisualStudioVersion = 10.0.40219.1
Project("{FAE04EC0-301F-11D3-BF4B-00C04F79EFBC}") = "BananaMailer", "BananaMailer.csproj", "{65858D00-34ED-4B95-9974-6DB94D52B1F6}"
EndProject
Global
	GlobalSection(SolutionConfigurationPlatforms) = preSolution
		Debug|Any CPU = Debug|Any CPU
		Release|Any CPU = Release|Any CPU
	EndGlobalSection
	GlobalSection(ProjectConfigurationPlatforms) = postSolution
		{65858D00-34ED-4B95-9974-6DB94D52B1F6}.Debug|Any CPU.ActiveCfg = Debug|Any CPU
		{65858D00-34ED-4B95-9974-6DB94D52B1F6}.Debug|Any CPU.Build.0 = Debug|Any CPU
		{65858D00-34ED-4B95-9974-6DB94D52B1F6}.Release|Any CPU.ActiveCfg = Release|Any CPU
		{65858D00-34ED-4B95-9974-6DB94D52B1F6}.Release|Any CPU.Build.0 = Release|Any CPU
	EndGlobalSection
	GlobalSection(SolutionProperties) = preSolution
		HideSolutionNode = FALSE
	EndGlobalSection
	GlobalSection(ExtensibilityGlobals) = postSolution
		SolutionGuid = {30337410-A055-4B93-9D2A-AD8FC332E5F1}
	EndGlobalSection
EndGlobal
